// !$*UTF8*$!
{
	archiveVersion = 1;
	classes = {
	};
	objectVersion = 48;
	objects = {

/* Begin PBXBuildFile section */
		CE31AC7B2068C4A4005E6630 /* ImageOnlyStyleViewController.m in Sources */ = {isa = PBXBuildFile; fileRef = CE31AC7A2068C4A4005E6630 /* ImageOnlyStyleViewController.m */; };
		CE31AC812068C84D005E6630 /* BaseViewController.m in Sources */ = {isa = PBXBuildFile; fileRef = CE31AC802068C84D005E6630 /* BaseViewController.m */; };
		CE31AC842068D021005E6630 /* TitleOnlyStyleViewController.m in Sources */ = {isa = PBXBuildFile; fileRef = CE31AC832068D021005E6630 /* TitleOnlyStyleViewController.m */; };
		CE31AC872068E00B005E6630 /* ILTRStyleViewController.m in Sources */ = {isa = PBXBuildFile; fileRef = CE31AC862068E00B005E6630 /* ILTRStyleViewController.m */; };
		CE69B7522069D62700BA9F92 /* IRTLStyleViewController.m in Sources */ = {isa = PBXBuildFile; fileRef = CE69B7512069D62700BA9F92 /* IRTLStyleViewController.m */; };
		CE69B7552069DDFE00BA9F92 /* ITTBStyleViewController.m in Sources */ = {isa = PBXBuildFile; fileRef = CE69B7542069DDFE00BA9F92 /* ITTBStyleViewController.m */; };
		CE69B7582069E88400BA9F92 /* IBTTStyleViewController.m in Sources */ = {isa = PBXBuildFile; fileRef = CE69B7572069E88400BA9F92 /* IBTTStyleViewController.m */; };
		CE69B760206B33AD00BA9F92 /* StoryboardSegue.m in Sources */ = {isa = PBXBuildFile; fileRef = CE69B75F206B33AD00BA9F92 /* StoryboardSegue.m */; };
		CE69B763206B3A1A00BA9F92 /* TableViewController.m in Sources */ = {isa = PBXBuildFile; fileRef = CE69B762206B3A1A00BA9F92 /* TableViewController.m */; };
		CEEB0FB3206387BE00D6E8C4 /* AppDelegate.m in Sources */ = {isa = PBXBuildFile; fileRef = CEEB0FB2206387BE00D6E8C4 /* AppDelegate.m */; };
		CEEB0FB9206387BE00D6E8C4 /* Main.storyboard in Resources */ = {isa = PBXBuildFile; fileRef = CEEB0FB7206387BE00D6E8C4 /* Main.storyboard */; };
		CEEB0FBB206387BE00D6E8C4 /* Assets.xcassets in Resources */ = {isa = PBXBuildFile; fileRef = CEEB0FBA206387BE00D6E8C4 /* Assets.xcassets */; };
		CEEB0FBE206387BE00D6E8C4 /* LaunchScreen.storyboard in Resources */ = {isa = PBXBuildFile; fileRef = CEEB0FBC206387BE00D6E8C4 /* LaunchScreen.storyboard */; };
		CEEB0FC1206387BE00D6E8C4 /* main.m in Sources */ = {isa = PBXBuildFile; fileRef = CEEB0FC0206387BE00D6E8C4 /* main.m */; };
		CEEB0FC92063880A00D6E8C4 /* UIButton+JHBLayoutableButton.m in Sources */ = {isa = PBXBuildFile; fileRef = CEEB0FC82063880A00D6E8C4 /* UIButton+JHBLayoutableButton.m */; };
/* End PBXBuildFile section */

/* Begin PBXFileReference section */
		CE31AC792068C4A4005E6630 /* ImageOnlyStyleViewController.h */ = {isa = PBXFileReference; lastKnownFileType = sourcecode.c.h; path = ImageOnlyStyleViewController.h; sourceTree = "<group>"; };
		CE31AC7A2068C4A4005E6630 /* ImageOnlyStyleViewController.m */ = {isa = PBXFileReference; lastKnownFileType = sourcecode.c.objc; path = ImageOnlyStyleViewController.m; sourceTree = "<group>"; };
		CE31AC7F2068C84D005E6630 /* BaseViewController.h */ = {isa = PBXFileReference; lastKnownFileType = sourcecode.c.h; path = BaseViewController.h; sourceTree = "<group>"; };
		CE31AC802068C84D005E6630 /* BaseViewController.m */ = {isa = PBXFileReference; lastKnownFileType = sourcecode.c.objc; path = BaseViewController.m; sourceTree = "<group>"; };
		CE31AC822068D021005E6630 /* TitleOnlyStyleViewController.h */ = {isa = PBXFileReference; lastKnownFileType = sourcecode.c.h; path = TitleOnlyStyleViewController.h; sourceTree = "<group>"; };
		CE31AC832068D021005E6630 /* TitleOnlyStyleViewController.m */ = {isa = PBXFileReference; lastKnownFileType = sourcecode.c.objc; path = TitleOnlyStyleViewController.m; sourceTree = "<group>"; };
		CE31AC852068E00B005E6630 /* ILTRStyleViewController.h */ = {isa = PBXFileReference; lastKnownFileType = sourcecode.c.h; path = ILTRStyleViewController.h; sourceTree = "<group>"; };
		CE31AC862068E00B005E6630 /* ILTRStyleViewController.m */ = {isa = PBXFileReference; lastKnownFileType = sourcecode.c.objc; path = ILTRStyleViewController.m; sourceTree = "<group>"; };
		CE69B7502069D62700BA9F92 /* IRTLStyleViewController.h */ = {isa = PBXFileReference; lastKnownFileType = sourcecode.c.h; path = IRTLStyleViewController.h; sourceTree = "<group>"; };
		CE69B7512069D62700BA9F92 /* IRTLStyleViewController.m */ = {isa = PBXFileReference; lastKnownFileType = sourcecode.c.objc; path = IRTLStyleViewController.m; sourceTree = "<group>"; };
		CE69B7532069DDFE00BA9F92 /* ITTBStyleViewController.h */ = {isa = PBXFileReference; lastKnownFileType = sourcecode.c.h; path = ITTBStyleViewController.h; sourceTree = "<group>"; };
		CE69B7542069DDFE00BA9F92 /* ITTBStyleViewController.m */ = {isa = PBXFileReference; lastKnownFileType = sourcecode.c.objc; path = ITTBStyleViewController.m; sourceTree = "<group>"; };
		CE69B7562069E88400BA9F92 /* IBTTStyleViewController.h */ = {isa = PBXFileReference; lastKnownFileType = sourcecode.c.h; path = IBTTStyleViewController.h; sourceTree = "<group>"; };
		CE69B7572069E88400BA9F92 /* IBTTStyleViewController.m */ = {isa = PBXFileReference; lastKnownFileType = sourcecode.c.objc; path = IBTTStyleViewController.m; sourceTree = "<group>"; };
		CE69B75E206B33AD00BA9F92 /* StoryboardSegue.h */ = {isa = PBXFileReference; lastKnownFileType = sourcecode.c.h; path = StoryboardSegue.h; sourceTree = "<group>"; };
		CE69B75F206B33AD00BA9F92 /* StoryboardSegue.m */ = {isa = PBXFileReference; lastKnownFileType = sourcecode.c.objc; path = StoryboardSegue.m; sourceTree = "<group>"; };
		CE69B761206B3A1A00BA9F92 /* TableViewController.h */ = {isa = PBXFileReference; lastKnownFileType = sourcecode.c.h; path = TableViewController.h; sourceTree = "<group>"; };
		CE69B762206B3A1A00BA9F92 /* TableViewController.m */ = {isa = PBXFileReference; lastKnownFileType = sourcecode.c.objc; path = TableViewController.m; sourceTree = "<group>"; };
		CEEB0FAE206387BE00D6E8C4 /* JHBLayoutableButton.app */ = {isa = PBXFileReference; explicitFileType = wrapper.application; includeInIndex = 0; path = JHBLayoutableButton.app; sourceTree = BUILT_PRODUCTS_DIR; };
		CEEB0FB1206387BE00D6E8C4 /* AppDelegate.h */ = {isa = PBXFileReference; lastKnownFileType = sourcecode.c.h; path = AppDelegate.h; sourceTree = "<group>"; };
		CEEB0FB2206387BE00D6E8C4 /* AppDelegate.m */ = {isa = PBXFileReference; lastKnownFileType = sourcecode.c.objc; path = AppDelegate.m; sourceTree = "<group>"; };
		CEEB0FB8206387BE00D6E8C4 /* Base */ = {isa = PBXFileReference; lastKnownFileType = file.storyboard; name = Base; path = Base.lproj/Main.storyboard; sourceTree = "<group>"; };
		CEEB0FBA206387BE00D6E8C4 /* Assets.xcassets */ = {isa = PBXFileReference; lastKnownFileType = folder.assetcatalog; path = Assets.xcassets; sourceTree = "<group>"; };
		CEEB0FBD206387BE00D6E8C4 /* Base */ = {isa = PBXFileReference; lastKnownFileType = file.storyboard; name = Base; path = Base.lproj/LaunchScreen.storyboard; sourceTree = "<group>"; };
		CEEB0FBF206387BE00D6E8C4 /* Info.plist */ = {isa = PBXFileReference; lastKnownFileType = text.plist.xml; path = Info.plist; sourceTree = "<group>"; };
		CEEB0FC0206387BE00D6E8C4 /* main.m */ = {isa = PBXFileReference; lastKnownFileType = sourcecode.c.objc; path = main.m; sourceTree = "<group>"; };
		CEEB0FC72063880A00D6E8C4 /* UIButton+JHBLayoutableButton.h */ = {isa = PBXFileReference; lastKnownFileType = sourcecode.c.h; path = "UIButton+JHBLayoutableButton.h"; sourceTree = "<group>"; };
		CEEB0FC82063880A00D6E8C4 /* UIButton+JHBLayoutableButton.m */ = {isa = PBXFileReference; lastKnownFileType = sourcecode.c.objc; path = "UIButton+JHBLayoutableButton.m"; sourceTree = "<group>"; };
/* End PBXFileReference section */

/* Begin PBXFrameworksBuildPhase section */
		CEEB0FAB206387BE00D6E8C4 /* Frameworks */ = {
			isa = PBXFrameworksBuildPhase;
			buildActionMask = 2147483647;
			files = (
			);
			runOnlyForDeploymentPostprocessing = 0;
		};
/* End PBXFrameworksBuildPhase section */

/* Begin PBXGroup section */
		CEEB0FA5206387BE00D6E8C4 = {
			isa = PBXGroup;
			children = (
				EBE2672420BA7B3400509D75 /* Classes */,
				CEEB0FB0206387BE00D6E8C4 /* JHBLayoutableButton */,
				CEEB0FAF206387BE00D6E8C4 /* Products */,
			);
			sourceTree = "<group>";
		};
		CEEB0FAF206387BE00D6E8C4 /* Products */ = {
			isa = PBXGroup;
			children = (
				CEEB0FAE206387BE00D6E8C4 /* JHBLayoutableButton.app */,
			);
			name = Products;
			sourceTree = "<group>";
		};
		CEEB0FB0206387BE00D6E8C4 /* JHBLayoutableButton */ = {
			isa = PBXGroup;
			children = (
				CEEB0FB1206387BE00D6E8C4 /* AppDelegate.h */,
				CEEB0FB2206387BE00D6E8C4 /* AppDelegate.m */,
				CE31AC7F2068C84D005E6630 /* BaseViewController.h */,
				CE31AC802068C84D005E6630 /* BaseViewController.m */,
				CE31AC792068C4A4005E6630 /* ImageOnlyStyleViewController.h */,
				CE31AC7A2068C4A4005E6630 /* ImageOnlyStyleViewController.m */,
				CE31AC822068D021005E6630 /* TitleOnlyStyleViewController.h */,
				CE31AC832068D021005E6630 /* TitleOnlyStyleViewController.m */,
				CE31AC852068E00B005E6630 /* ILTRStyleViewController.h */,
				CE31AC862068E00B005E6630 /* ILTRStyleViewController.m */,
				CE69B7502069D62700BA9F92 /* IRTLStyleViewController.h */,
				CE69B7512069D62700BA9F92 /* IRTLStyleViewController.m */,
				CE69B7532069DDFE00BA9F92 /* ITTBStyleViewController.h */,
				CE69B7542069DDFE00BA9F92 /* ITTBStyleViewController.m */,
				CE69B7562069E88400BA9F92 /* IBTTStyleViewController.h */,
				CE69B7572069E88400BA9F92 /* IBTTStyleViewController.m */,
				CE69B75E206B33AD00BA9F92 /* StoryboardSegue.h */,
				CE69B75F206B33AD00BA9F92 /* StoryboardSegue.m */,
				CE69B761206B3A1A00BA9F92 /* TableViewController.h */,
				CE69B762206B3A1A00BA9F92 /* TableViewController.m */,
				CEEB0FB7206387BE00D6E8C4 /* Main.storyboard */,
				CEEB0FBA206387BE00D6E8C4 /* Assets.xcassets */,
				CEEB0FBC206387BE00D6E8C4 /* LaunchScreen.storyboard */,
				CEEB0FBF206387BE00D6E8C4 /* Info.plist */,
				CEEB0FC0206387BE00D6E8C4 /* main.m */,
			);
			path = JHBLayoutableButton;
			sourceTree = "<group>";
		};
		EBE2672420BA7B3400509D75 /* Classes */ = {
			isa = PBXGroup;
			children = (
				CEEB0FC72063880A00D6E8C4 /* UIButton+JHBLayoutableButton.h */,
				CEEB0FC82063880A00D6E8C4 /* UIButton+JHBLayoutableButton.m */,
			);
			path = Classes;
			sourceTree = "<group>";
		};
/* End PBXGroup section */

/* Begin PBXNativeTarget section */
		CEEB0FAD206387BE00D6E8C4 /* JHBLayoutableButton */ = {
			isa = PBXNativeTarget;
			buildConfigurationList = CEEB0FC4206387BE00D6E8C4 /* Build configuration list for PBXNativeTarget "JHBLayoutableButton" */;
			buildPhases = (
				CEEB0FAA206387BE00D6E8C4 /* Sources */,
				CEEB0FAB206387BE00D6E8C4 /* Frameworks */,
				CEEB0FAC206387BE00D6E8C4 /* Resources */,
			);
			buildRules = (
			);
			dependencies = (
			);
			name = JHBLayoutableButton;
			productName = JHBLayoutableButton;
			productReference = CEEB0FAE206387BE00D6E8C4 /* JHBLayoutableButton.app */;
			productType = "com.apple.product-type.application";
		};
/* End PBXNativeTarget section */

/* Begin PBXProject section */
		CEEB0FA6206387BE00D6E8C4 /* Project object */ = {
			isa = PBXProject;
			attributes = {
				LastUpgradeCheck = 0930;
				ORGANIZATIONNAME = jianghongbing;
				TargetAttributes = {
					CEEB0FAD206387BE00D6E8C4 = {
						CreatedOnToolsVersion = 9.2;
						ProvisioningStyle = Manual;
					};
				};
			};
			buildConfigurationList = CEEB0FA9206387BE00D6E8C4 /* Build configuration list for PBXProject "JHBLayoutableButton" */;
			compatibilityVersion = "Xcode 8.0";
			developmentRegion = en;
			hasScannedForEncodings = 0;
			knownRegions = (
				en,
				Base,
			);
			mainGroup = CEEB0FA5206387BE00D6E8C4;
			productRefGroup = CEEB0FAF206387BE00D6E8C4 /* Products */;
			projectDirPath = "";
			projectRoot = "";
			targets = (
				CEEB0FAD206387BE00D6E8C4 /* JHBLayoutableButton */,
			);
		};
/* End PBXProject section */

/* Begin PBXResourcesBuildPhase section */
		CEEB0FAC206387BE00D6E8C4 /* Resources */ = {
			isa = PBXResourcesBuildPhase;
			buildActionMask = 2147483647;
			files = (
				CEEB0FBE206387BE00D6E8C4 /* LaunchScreen.storyboard in Resources */,
				CEEB0FBB206387BE00D6E8C4 /* Assets.xcassets in Resources */,
				CEEB0FB9206387BE00D6E8C4 /* Main.storyboard in Resources */,
			);
			runOnlyForDeploymentPostprocessing = 0;
		};
/* End PBXResourcesBuildPhase section */

/* Begin PBXSourcesBuildPhase section */
		CEEB0FAA206387BE00D6E8C4 /* Sources */ = {
			isa = PBXSourcesBuildPhase;
			buildActionMask = 2147483647;
			files = (
				CEEB0FC92063880A00D6E8C4 /* UIButton+JHBLayoutableButton.m in Sources */,
				CE31AC812068C84D005E6630 /* BaseViewController.m in Sources */,
				CE69B7552069DDFE00BA9F92 /* ITTBStyleViewController.m in Sources */,
				CE31AC842068D021005E6630 /* TitleOnlyStyleViewController.m in Sources */,
				CE69B763206B3A1A00BA9F92 /* TableViewController.m in Sources */,
				CE31AC872068E00B005E6630 /* ILTRStyleViewController.m in Sources */,
				CE69B7522069D62700BA9F92 /* IRTLStyleViewController.m in Sources */,
				CEEB0FC1206387BE00D6E8C4 /* main.m in Sources */,
				CEEB0FB3206387BE00D6E8C4 /* AppDelegate.m in Sources */,
				CE69B7582069E88400BA9F92 /* IBTTStyleViewController.m in Sources */,
				CE31AC7B2068C4A4005E6630 /* ImageOnlyStyleViewController.m in Sources */,
				CE69B760206B33AD00BA9F92 /* StoryboardSegue.m in Sources */,
			);
			runOnlyForDeploymentPostprocessing = 0;
		};
/* End PBXSourcesBuildPhase section */

/* Begin PBXVariantGroup section */
		CEEB0FB7206387BE00D6E8C4 /* Main.storyboard */ = {
			isa = PBXVariantGroup;
			children = (
				CEEB0FB8206387BE00D6E8C4 /* Base */,
			);
			name = Main.storyboard;
			sourceTree = "<group>";
		};
		CEEB0FBC206387BE00D6E8C4 /* LaunchScreen.storyboard */ = {
			isa = PBXVariantGroup;
			children = (
				CEEB0FBD206387BE00D6E8C4 /* Base */,
			);
			name = LaunchScreen.storyboard;
			sourceTree = "<group>";
		};
/* End PBXVariantGroup section */

/* Begin XCBuildConfiguration section */
		CEEB0FC2206387BE00D6E8C4 /* Debug */ = {
			isa = XCBuildConfiguration;
			buildSettings = {
				ALWAYS_SEARCH_USER_PATHS = NO;
				CLANG_ANALYZER_NONNULL = YES;
				CLANG_ANALYZER_NUMBER_OBJECT_CONVERSION = YES_AGGRESSIVE;
				CLANG_CXX_LANGUAGE_STANDARD = "gnu++14";
				CLANG_CXX_LIBRARY = "libc++";
				CLANG_ENABLE_MODULES = YES;
				CLANG_ENABLE_OBJC_ARC = YES;
				CLANG_WARN_BLOCK_CAPTURE_AUTORELEASING = YES;
				CLANG_WARN_BOOL_CONVERSION = YES;
				CLANG_WARN_COMMA = YES;
				CLANG_WARN_CONSTANT_CONVERSION = YES;
				CLANG_WARN_DEPRECATED_OBJC_IMPLEMENTATIONS = YES;
				CLANG_WARN_DIRECT_OBJC_ISA_USAGE = YES_ERROR;
				CLANG_WARN_DOCUMENTATION_COMMENTS = YES;
				CLANG_WARN_EMPTY_BODY = YES;
				CLANG_WARN_ENUM_CONVERSION = YES;
				CLANG_WARN_INFINITE_RECURSION = YES;
				CLANG_WARN_INT_CONVERSION = YES;
				CLANG_WARN_NON_LITERAL_NULL_CONVERSION = YES;
				CLANG_WARN_OBJC_IMPLICIT_RETAIN_SELF = YES;
				CLANG_WARN_OBJC_LITERAL_CONVERSION = YES;
				CLANG_WARN_OBJC_ROOT_CLASS = YES_ERROR;
				CLANG_WARN_RANGE_LOOP_ANALYSIS = YES;
				CLANG_WARN_STRICT_PROTOTYPES = YES;
				CLANG_WARN_SUSPICIOUS_MOVE = YES;
				CLANG_WARN_UNGUARDED_AVAILABILITY = YES_AGGRESSIVE;
				CLANG_WARN_UNREACHABLE_CODE = YES;
				CLANG_WARN__DUPLICATE_METHOD_MATCH = YES;
				CODE_SIGN_IDENTITY = "iPhone Developer";
				COPY_PHASE_STRIP = NO;
				DEBUG_INFORMATION_FORMAT = dwarf;
				ENABLE_STRICT_OBJC_MSGSEND = YES;
				ENABLE_TESTABILITY = YES;
				GCC_C_LANGUAGE_STANDARD = gnu11;
				GCC_DYNAMIC_NO_PIC = NO;
				GCC_NO_COMMON_BLOCKS = YES;
				GCC_OPTIMIZATION_LEVEL = 0;
				GCC_PREPROCESSOR_DEFINITIONS = (
					"DEBUG=1",
					"$(inherited)",
				);
				GCC_WARN_64_TO_32_BIT_CONVERSION = YES;
				GCC_WARN_ABOUT_RETURN_TYPE = YES_ERROR;
				GCC_WARN_UNDECLARED_SELECTOR = YES;
				GCC_WARN_UNINITIALIZED_AUTOS = YES_AGGRESSIVE;
				GCC_WARN_UNUSED_FUNCTION = YES;
				GCC_WARN_UNUSED_VARIABLE = YES;
				IPHONEOS_DEPLOYMENT_TARGET = 11.2;
				MTL_ENABLE_DEBUG_INFO = YES;
				ONLY_ACTIVE_ARCH = YES;
				SDKROOT = iphoneos;
			};
			name = Debug;
		};
		CEEB0FC3206387BE00D6E8C4 /* Release */ = {
			isa = XCBuildConfiguration;
			buildSettings = {
				ALWAYS_SEARCH_USER_PATHS = NO;
				CLANG_ANALYZER_NONNULL = YES;
				CLANG_ANALYZER_NUMBER_OBJECT_CONVERSION = YES_AGGRESSIVE;
				CLANG_CXX_LANGUAGE_STANDARD = "gnu++14";
				CLANG_CXX_LIBRARY = "libc++";
				CLANG_ENABLE_MODULES = YES;
				CLANG_ENABLE_OBJC_ARC = YES;
				CLANG_WARN_BLOCK_CAPTURE_AUTORELEASING = YES;
				CLANG_WARN_BOOL_CONVERSION = YES;
				CLANG_WARN_COMMA = YES;
				CLANG_WARN_CONSTANT_CONVERSION = YES;
				CLANG_WARN_DEPRECATED_OBJC_IMPLEMENTATIONS = YES;
				CLANG_WARN_DIRECT_OBJC_ISA_USAGE = YES_ERROR;
				CLANG_WARN_DOCUMENTATION_COMMENTS = YES;
				CLANG_WARN_EMPTY_BODY = YES;
				CLANG_WARN_ENUM_CONVERSION = YES;
				CLANG_WARN_INFINITE_RECURSION = YES;
				CLANG_WARN_INT_CONVERSION = YES;
				CLANG_WARN_NON_LITERAL_NULL_CONVERSION = YES;
				CLANG_WARN_OBJC_IMPLICIT_RETAIN_SELF = YES;
				CLANG_WARN_OBJC_LITERAL_CONVERSION = YES;
				CLANG_WARN_OBJC_ROOT_CLASS = YES_ERROR;
				CLANG_WARN_RANGE_LOOP_ANALYSIS = YES;
				CLANG_WARN_STRICT_PROTOTYPES = YES;
				CLANG_WARN_SUSPICIOUS_MOVE = YES;
				CLANG_WARN_UNGUARDED_AVAILABILITY = YES_AGGRESSIVE;
				CLANG_WARN_UNREACHABLE_CODE = YES;
				CLANG_WARN__DUPLICATE_METHOD_MATCH = YES;
				CODE_SIGN_IDENTITY = "iPhone Developer";
				COPY_PHASE_STRIP = NO;
				DEBUG_INFORMATION_FORMAT = "dwarf-with-dsym";
				ENABLE_NS_ASSERTIONS = NO;
				ENABLE_STRICT_OBJC_MSGSEND = YES;
				GCC_C_LANGUAGE_STANDARD = gnu11;
				GCC_NO_COMMON_BLOCKS = YES;
				GCC_WARN_64_TO_32_BIT_CONVERSION = YES;
				GCC_WARN_ABOUT_RETURN_TYPE = YES_ERROR;
				GCC_WARN_UNDECLARED_SELECTOR = YES;
				GCC_WARN_UNINITIALIZED_AUTOS = YES_AGGRESSIVE;
				GCC_WARN_UNUSED_FUNCTION = YES;
				GCC_WARN_UNUSED_VARIABLE = YES;
				IPHONEOS_DEPLOYMENT_TARGET = 11.2;
				MTL_ENABLE_DEBUG_INFO = NO;
				SDKROOT = iphoneos;
				VALIDATE_PRODUCT = YES;
			};
			name = Release;
		};
		CEEB0FC5206387BE00D6E8C4 /* Debug */ = {
			isa = XCBuildConfiguration;
			buildSettings = {
				ASSETCATALOG_COMPILER_APPICON_NAME = AppIcon;
				CODE_SIGN_STYLE = Manual;
				DEVELOPMENT_TEAM = WSQMLX487W;
				INFOPLIST_FILE = JHBLayoutableButton/Info.plist;
				IPHONEOS_DEPLOYMENT_TARGET = 8.0;
				LD_RUNPATH_SEARCH_PATHS = "$(inherited) @executable_path/Frameworks";
				PRODUCT_BUNDLE_IDENTIFIER = com.jianghongbing.JHBLayoutableButton;
				PRODUCT_NAME = "$(TARGET_NAME)";
				PROVISIONING_PROFILE = "ac315010-6f26-4114-a3a0-5534ead47df4";
				PROVISIONING_PROFILE_SPECIFIER = ios_development;
				TARGETED_DEVICE_FAMILY = "1,2";
			};
			name = Debug;
		};
		CEEB0FC6206387BE00D6E8C4 /* Release */ = {
			isa = XCBuildConfiguration;
			buildSettings = {
				ASSETCATALOG_COMPILER_APPICON_NAME = AppIcon;
				"CODE_SIGN_IDENTITY[sdk=iphoneos*]" = "iPhone Distribution";
				CODE_SIGN_STYLE = Manual;
				DEVELOPMENT_TEAM = WSQMLX487W;
				INFOPLIST_FILE = JHBLayoutableButton/Info.plist;
				IPHONEOS_DEPLOYMENT_TARGET = 8.0;
				LD_RUNPATH_SEARCH_PATHS = "$(inherited) @executable_path/Frameworks";
				PRODUCT_BUNDLE_IDENTIFIER = com.jianghongbing.JHBLayoutableButton;
				PRODUCT_NAME = "$(TARGET_NAME)";
				PROVISIONING_PROFILE = "6e747137-a3f7-4e34-a2dd-e5b197572136";
				PROVISIONING_PROFILE_SPECIFIER = ios_adhoc;
				TARGETED_DEVICE_FAMILY = "1,2";
			};
			name = Release;
		};
/* End XCBuildConfiguration section */

/* Begin XCConfigurationList section */
		CEEB0FA9206387BE00D6E8C4 /* Build configuration list for PBXProject "JHBLayoutableButton" */ = {
			isa = XCConfigurationList;
			buildConfigurations = (
				CEEB0FC2206387BE00D6E8C4 /* Debug */,
				CEEB0FC3206387BE00D6E8C4 /* Release */,
			);
			defaultConfigurationIsVisible = 0;
			defaultConfigurationName = Release;
		};
		CEEB0FC4206387BE00D6E8C4 /* Build configuration list for PBXNativeTarget "JHBLayoutableButton" */ = {
			isa = XCConfigurationList;
			buildConfigurations = (
				CEEB0FC5206387BE00D6E8C4 /* Debug */,
				CEEB0FC6206387BE00D6E8C4 /* Release */,
			);
			defaultConfigurationIsVisible = 0;
			defaultConfigurationName = Release;
		};
/* End XCConfigurationList section */
	};
	rootObject = CEEB0FA6206387BE00D6E8C4 /* Project object */;
}
